{
  "name": "apps.logs",
  "version": "0.0.1",
  "lockfileVersion": 1,
  "requires": true,
  "dependencies": {
    "@robojones/nginx-log-parser": {
      "version": "0.0.6",
      "resolved": "https://registry.npmjs.org/@robojones/nginx-log-parser/-/nginx-log-parser-0.0.6.tgz",
      "integrity": "sha512-/1UIvDSuyelQFYA4KP3u2owCq17fxl68pzXOlvqzRo6Ajrz7w7/AWzq8P5Ifk4I2mD3FDwAkOdNDXMv8/FzcbQ==",
      "requires": {
        "@types/node": "^10.9.4"
      }
    },
    "@types/node": {
      "version": "10.17.46",
      "resolved": "https://registry.npmjs.org/@types/node/-/node-10.17.46.tgz",
      "integrity": "sha512-Tice8a+sJtlP9C1EUo0DYyjq52T37b3LexVu3p871+kfIBIN+OQ7PKPei1oF3MgF39olEpUfxaLtD+QFc1k69Q=="
    }
  }
}
